# This file is automatically @generated by Cargo.
# It is not intended for manual editing.
version = 4

[[package]]
name = "steadfast"
version = "0.1.0"
dependencies = [
 "steadfast-async",
 "steadfast-bytes",
 "steadfast-db",
 "steadfast-json",
 "steadfast-macros",
 "steadfast-parsing",
 "steadfast-serializer",
 "steadfast-uuid",
]

[[package]]
name = "steadfast-async"
version = "0.1.0"

[[package]]
name = "steadfast-bytes"
version = "0.1.0"

[[package]]
name = "steadfast-crypt"
version = "0.1.0"
dependencies = [
 "steadfast-bytes",
]

[[package]]
name = "steadfast-db"
version = "0.1.0"
dependencies = [
 "steadfast-bytes",
 "steadfast-crypt",
 "steadfast-macros",
 "steadfast-serializer",
 "steadfast-time",
 "steadfast-uuid",
]

[[package]]
name = "steadfast-json"
version = "0.1.0"
dependencies = [
 "steadfast-parsing",
 "steadfast-serializer",
]

[[package]]
name = "steadfast-macros"
version = "0.1.0"
dependencies = [
 "steadfast-crypt",
 "steadfast-uuid",
]

[[package]]
name = "steadfast-parsing"
version = "0.1.0"

[[package]]
name = "steadfast-rand"
version = "0.1.0"

[[package]]
name = "steadfast-serializer"
version = "0.1.0"
dependencies = [
 "steadfast-bytes",
 "steadfast-parsing",
 "steadfast-time",
 "steadfast-uuid",
]

[[package]]
name = "steadfast-time"
version = "0.1.0"
dependencies = [
 "steadfast-bytes",
]

[[package]]
name = "steadfast-uuid"
version = "0.1.0"
dependencies = [
 "steadfast-bytes",
 "steadfast-rand",
 "steadfast-time",
]
